
Microsoft Visual Studio Solution File, Format Version 12.00
# Visual Studio Version 17
VisualStudioVersion = 17.0.32126.317
MinimumVisualStudioVersion = 10.0.40219.1
Project("{FAE04EC0-301F-11D3-BF4B-00C04F79EFBC}") = "QueueExt", "Queue\QueueExt.csproj", "{74CBC05E-6485-45FD-B812-F0D865840CFC}"
EndProject
Global
	GlobalSection(SolutionConfigurationPlatforms) = preSolution
		Debug|Any CPU = Debug|Any CPU
		Release|Any CPU = Release|Any CPU
	EndGlobalSection
	GlobalSection(ProjectConfigurationPlatforms) = postSolution
		{74CBC05E-6485-45FD-B812-F0D865840CFC}.Debug|Any CPU.ActiveCfg = Debug|Any CPU
		{74CBC05E-6485-45FD-B812-F0D865840CFC}.Debug|Any CPU.Build.0 = Debug|Any CPU
		{74CBC05E-6485-45FD-B812-F0D865840CFC}.Release|Any CPU.ActiveCfg = Release|Any CPU
		{74CBC05E-6485-45FD-B812-F0D865840CFC}.Release|Any CPU.Build.0 = Release|Any CPU
	EndGlobalSection
	GlobalSection(SolutionProperties) = preSolution
		HideSolutionNode = FALSE
	EndGlobalSection
	GlobalSection(ExtensibilityGlobals) = postSolution
		SolutionGuid = {F85BC952-BCD8-4294-8F57-40F8D9B59430}
	EndGlobalSection
EndGlobal
